
Microsoft Visual Studio Solution File, Format Version 12.00
# Visual Studio Version 18
VisualStudioVersion = 18.0.11018.127 d18.0
MinimumVisualStudioVersion = 10.0.40219.1
Project("{FAE04EC0-301F-11D3-BF4B-00C04F79EFBC}") = "DEATHEYE", "DEATHEYE.csproj", "{9DFC997E-032B-4AF4-BCCC-BF512848FACE}"
EndProject
Global
	GlobalSection(SolutionConfigurationPlatforms) = preSolution
		Debug|Any CPU = Debug|Any CPU
		Debug|x64 = Debug|x64
		Release|Any CPU = Release|Any CPU
		Release|x64 = Release|x64
	EndGlobalSection
	GlobalSection(ProjectConfigurationPlatforms) = postSolution
		{9DFC997E-032B-4AF4-BCCC-BF512848FACE}.Debug|Any CPU.ActiveCfg = Debug|Any CPU
		{9DFC997E-032B-4AF4-BCCC-BF512848FACE}.Debug|Any CPU.Build.0 = Debug|Any CPU
		{9DFC997E-032B-4AF4-BCCC-BF512848FACE}.Debug|x64.ActiveCfg = Debug|Any CPU
		{9DFC997E-032B-4AF4-BCCC-BF512848FACE}.Debug|x64.Build.0 = Debug|Any CPU
		{9DFC997E-032B-4AF4-BCCC-BF512848FACE}.Release|Any CPU.ActiveCfg = Release|Any CPU
		{9DFC997E-032B-4AF4-BCCC-BF512848FACE}.Release|Any CPU.Build.0 = Release|Any CPU
		{9DFC997E-032B-4AF4-BCCC-BF512848FACE}.Release|x64.ActiveCfg = Release|Any CPU
		{9DFC997E-032B-4AF4-BCCC-BF512848FACE}.Release|x64.Build.0 = Release|Any CPU
	EndGlobalSection
	GlobalSection(SolutionProperties) = preSolution
		HideSolutionNode = FALSE
	EndGlobalSection
	GlobalSection(ExtensibilityGlobals) = postSolution
		SolutionGuid = {EF052DA0-5865-4301-9539-FBB59954EB2F}
	EndGlobalSection
EndGlobal
